
Microsoft Visual Studio Solution File, Format Version 12.00
# Visual Studio Version 16
VisualStudioVersion = 16.0.29123.88
MinimumVisualStudioVersion = 10.0.40219.1
Project("{FAE04EC0-301F-11D3-BF4B-00C04F79EFBC}") = "BaiTapW3resource", "BaiTapW3resource\BaiTapW3resource.csproj", "{5752C9E3-76D7-4376-8063-CECDBDFE7B18}"
EndProject
Global
	GlobalSection(SolutionConfigurationPlatforms) = preSolution
		Debug|Any CPU = Debug|Any CPU
		Release|Any CPU = Release|Any CPU
	EndGlobalSection
	GlobalSection(ProjectConfigurationPlatforms) = postSolution
		{5752C9E3-76D7-4376-8063-CECDBDFE7B18}.Debug|Any CPU.ActiveCfg = Debug|Any CPU
		{5752C9E3-76D7-4376-8063-CECDBDFE7B18}.Debug|Any CPU.Build.0 = Debug|Any CPU
		{5752C9E3-76D7-4376-8063-CECDBDFE7B18}.Release|Any CPU.ActiveCfg = Release|Any CPU
		{5752C9E3-76D7-4376-8063-CECDBDFE7B18}.Release|Any CPU.Build.0 = Release|Any CPU
	EndGlobalSection
	GlobalSection(SolutionProperties) = preSolution
		HideSolutionNode = FALSE
	EndGlobalSection
	GlobalSection(ExtensibilityGlobals) = postSolution
		SolutionGuid = {DEBB5790-00B8-4500-AE2E-2AE7A4863B0D}
	EndGlobalSection
EndGlobal
