
Microsoft Visual Studio Solution File, Format Version 12.00
# Visual Studio Version 16
VisualStudioVersion = 16.0.29209.62
MinimumVisualStudioVersion = 10.0.40219.1
Project("{FAE04EC0-301F-11D3-BF4B-00C04F79EFBC}") = "TestDelegate", "TestDelegate\TestDelegate.csproj", "{51003332-6C8D-4E67-9FA1-14F49A6E668C}"
EndProject
Project("{FAE04EC0-301F-11D3-BF4B-00C04F79EFBC}") = "DelegateEvent", "DelegateEvent\DelegateEvent.csproj", "{EB071E74-79A9-4B15-8368-157402BBD3B3}"
EndProject
Global
	GlobalSection(SolutionConfigurationPlatforms) = preSolution
		Debug|Any CPU = Debug|Any CPU
		Release|Any CPU = Release|Any CPU
	EndGlobalSection
	GlobalSection(ProjectConfigurationPlatforms) = postSolution
		{51003332-6C8D-4E67-9FA1-14F49A6E668C}.Debug|Any CPU.ActiveCfg = Debug|Any CPU
		{51003332-6C8D-4E67-9FA1-14F49A6E668C}.Debug|Any CPU.Build.0 = Debug|Any CPU
		{51003332-6C8D-4E67-9FA1-14F49A6E668C}.Release|Any CPU.ActiveCfg = Release|Any CPU
		{51003332-6C8D-4E67-9FA1-14F49A6E668C}.Release|Any CPU.Build.0 = Release|Any CPU
		{EB071E74-79A9-4B15-8368-157402BBD3B3}.Debug|Any CPU.ActiveCfg = Debug|Any CPU
		{EB071E74-79A9-4B15-8368-157402BBD3B3}.Debug|Any CPU.Build.0 = Debug|Any CPU
		{EB071E74-79A9-4B15-8368-157402BBD3B3}.Release|Any CPU.ActiveCfg = Release|Any CPU
		{EB071E74-79A9-4B15-8368-157402BBD3B3}.Release|Any CPU.Build.0 = Release|Any CPU
	EndGlobalSection
	GlobalSection(SolutionProperties) = preSolution
		HideSolutionNode = FALSE
	EndGlobalSection
	GlobalSection(ExtensibilityGlobals) = postSolution
		SolutionGuid = {809AFEFA-9B94-4973-B68E-33F9F20957C4}
	EndGlobalSection
EndGlobal
