
Microsoft Visual Studio Solution File, Format Version 12.00
# Visual Studio Version 16
VisualStudioVersion = 16.0.29201.188
MinimumVisualStudioVersion = 10.0.40219.1
Project("{FAE04EC0-301F-11D3-BF4B-00C04F79EFBC}") = "Table", "Table\Table.csproj", "{8F2C6ECB-89C8-465F-AA4D-D7BEE62EB2B8}"
EndProject
Global
	GlobalSection(SolutionConfigurationPlatforms) = preSolution
		Debug|Any CPU = Debug|Any CPU
		Release|Any CPU = Release|Any CPU
	EndGlobalSection
	GlobalSection(ProjectConfigurationPlatforms) = postSolution
		{8F2C6ECB-89C8-465F-AA4D-D7BEE62EB2B8}.Debug|Any CPU.ActiveCfg = Debug|Any CPU
		{8F2C6ECB-89C8-465F-AA4D-D7BEE62EB2B8}.Debug|Any CPU.Build.0 = Debug|Any CPU
		{8F2C6ECB-89C8-465F-AA4D-D7BEE62EB2B8}.Release|Any CPU.ActiveCfg = Release|Any CPU
		{8F2C6ECB-89C8-465F-AA4D-D7BEE62EB2B8}.Release|Any CPU.Build.0 = Release|Any CPU
	EndGlobalSection
	GlobalSection(SolutionProperties) = preSolution
		HideSolutionNode = FALSE
	EndGlobalSection
	GlobalSection(ExtensibilityGlobals) = postSolution
		SolutionGuid = {73A7C5A8-7A95-4995-9BB1-1DDBF356798E}
	EndGlobalSection
EndGlobal
